
Microsoft Visual Studio Solution File, Format Version 12.00
# Visual Studio 14
VisualStudioVersion = 14.0.25123.0
MinimumVisualStudioVersion = 10.0.40219.1
Project("{8BC9CEB8-8B4A-11D0-8D11-00A0C91BC942}") = "Server", "Server\Server.vcxproj", "{49EB9A5E-90AA-4F24-B3BE-C5ECCFD29740}"
EndProject
Global
	GlobalSection(SolutionConfigurationPlatforms) = preSolution
		Debug|x64 = Debug|x64
		Debug|x86 = Debug|x86
		Release|x64 = Release|x64
		Release|x86 = Release|x86
	EndGlobalSection
	GlobalSection(ProjectConfigurationPlatforms) = postSolution
		{49EB9A5E-90AA-4F24-B3BE-C5ECCFD29740}.Debug|x64.ActiveCfg = Debug|x64
		{49EB9A5E-90AA-4F24-B3BE-C5ECCFD29740}.Debug|x64.Build.0 = Debug|x64
		{49EB9A5E-90AA-4F24-B3BE-C5ECCFD29740}.Debug|x86.ActiveCfg = Debug|x64
		{49EB9A5E-90AA-4F24-B3BE-C5ECCFD29740}.Debug|x86.Build.0 = Debug|x64
		{49EB9A5E-90AA-4F24-B3BE-C5ECCFD29740}.Release|x64.ActiveCfg = Release|x64
		{49EB9A5E-90AA-4F24-B3BE-C5ECCFD29740}.Release|x64.Build.0 = Release|x64
		{49EB9A5E-90AA-4F24-B3BE-C5ECCFD29740}.Release|x86.ActiveCfg = Release|x64
		{49EB9A5E-90AA-4F24-B3BE-C5ECCFD29740}.Release|x86.Build.0 = Release|x64
	EndGlobalSection
	GlobalSection(SolutionProperties) = preSolution
		HideSolutionNode = FALSE
	EndGlobalSection
	GlobalSection(TeamFoundationVersionControl) = preSolution
		SccNumberOfProjects = 2
		SccEnterpriseProvider = {4CA58AB2-18FA-4F8D-95D4-32DDF27D184C}
		SccTeamFoundationServer = https://gnegon2projects.visualstudio.com/
		SccLocalPath0 = .
		SccProjectUniqueName1 = Server\\Server.vcxproj
		SccProjectName1 = Server
		SccLocalPath1 = Server
	EndGlobalSection
EndGlobal
